
Microsoft Visual Studio Solution File, Format Version 12.00
# Visual Studio Version 16
VisualStudioVersion = 16.0.29519.181
MinimumVisualStudioVersion = 10.0.40219.1
Project("{FAE04EC0-301F-11D3-BF4B-00C04F79EFBC}") = "Task2", "Task2\Task2.csproj", "{AB4D56D8-708A-4B60-91D5-F440FC9B272A}"
EndProject
Project("{FAE04EC0-301F-11D3-BF4B-00C04F79EFBC}") = "Task3", "Task3\Task3.csproj", "{EDDC54CC-438E-462F-B54F-45A4E6EDDD1D}"
EndProject
Project("{FAE04EC0-301F-11D3-BF4B-00C04F79EFBC}") = "AdditionalTask", "AdditionalTask\AdditionalTask.csproj", "{44E84012-2851-447C-A4CF-96815ECC4F9F}"
EndProject
Project("{FAE04EC0-301F-11D3-BF4B-00C04F79EFBC}") = "Task4", "Task4\Task4.csproj", "{512CDCDE-51F7-43CF-ABD4-8FC23450E980}"
EndProject
Global
	GlobalSection(SolutionConfigurationPlatforms) = preSolution
		Debug|Any CPU = Debug|Any CPU
		Release|Any CPU = Release|Any CPU
	EndGlobalSection
	GlobalSection(ProjectConfigurationPlatforms) = postSolution
		{AB4D56D8-708A-4B60-91D5-F440FC9B272A}.Debug|Any CPU.ActiveCfg = Debug|Any CPU
		{AB4D56D8-708A-4B60-91D5-F440FC9B272A}.Debug|Any CPU.Build.0 = Debug|Any CPU
		{AB4D56D8-708A-4B60-91D5-F440FC9B272A}.Release|Any CPU.ActiveCfg = Release|Any CPU
		{AB4D56D8-708A-4B60-91D5-F440FC9B272A}.Release|Any CPU.Build.0 = Release|Any CPU
		{EDDC54CC-438E-462F-B54F-45A4E6EDDD1D}.Debug|Any CPU.ActiveCfg = Debug|Any CPU
		{EDDC54CC-438E-462F-B54F-45A4E6EDDD1D}.Debug|Any CPU.Build.0 = Debug|Any CPU
		{EDDC54CC-438E-462F-B54F-45A4E6EDDD1D}.Release|Any CPU.ActiveCfg = Release|Any CPU
		{EDDC54CC-438E-462F-B54F-45A4E6EDDD1D}.Release|Any CPU.Build.0 = Release|Any CPU
		{44E84012-2851-447C-A4CF-96815ECC4F9F}.Debug|Any CPU.ActiveCfg = Debug|Any CPU
		{44E84012-2851-447C-A4CF-96815ECC4F9F}.Debug|Any CPU.Build.0 = Debug|Any CPU
		{44E84012-2851-447C-A4CF-96815ECC4F9F}.Release|Any CPU.ActiveCfg = Release|Any CPU
		{44E84012-2851-447C-A4CF-96815ECC4F9F}.Release|Any CPU.Build.0 = Release|Any CPU
		{512CDCDE-51F7-43CF-ABD4-8FC23450E980}.Debug|Any CPU.ActiveCfg = Debug|Any CPU
		{512CDCDE-51F7-43CF-ABD4-8FC23450E980}.Debug|Any CPU.Build.0 = Debug|Any CPU
		{512CDCDE-51F7-43CF-ABD4-8FC23450E980}.Release|Any CPU.ActiveCfg = Release|Any CPU
		{512CDCDE-51F7-43CF-ABD4-8FC23450E980}.Release|Any CPU.Build.0 = Release|Any CPU
	EndGlobalSection
	GlobalSection(SolutionProperties) = preSolution
		HideSolutionNode = FALSE
	EndGlobalSection
	GlobalSection(ExtensibilityGlobals) = postSolution
		SolutionGuid = {57422CD8-B5A5-4863-B861-B050A3DE9E10}
	EndGlobalSection
EndGlobal
